
Microsoft Visual Studio Solution File, Format Version 12.00
# Visual Studio Version 17
VisualStudioVersion = 17.7.34018.315
MinimumVisualStudioVersion = 10.0.40219.1
Project("{9A19103F-16F7-4668-BE54-9A1E7A4F7556}") = "RamandTech.Api", "RamandTech.Api\RamandTech.Api.csproj", "{B593ECA7-7EF1-43C4-9685-C4E084F79530}"
EndProject
Project("{9A19103F-16F7-4668-BE54-9A1E7A4F7556}") = "RamandTech.Console", "RamandTech.Console\RamandTech.Console.csproj", "{AA88E9BB-C633-455F-AEB2-9732AA58126B}"
EndProject
Project("{9A19103F-16F7-4668-BE54-9A1E7A4F7556}") = "RamandTech.MessageBroker", "RamandTech.MessageBroker\RamandTech.MessageBroker.csproj", "{877564BE-E1C6-4D8E-8E7A-C4B4A5F7A820}"
EndProject
Project("{9A19103F-16F7-4668-BE54-9A1E7A4F7556}") = "RamandTech.UnitTest", "RamandTech.UnitTest\RamandTech.UnitTest.csproj", "{A54C7D0A-D60F-40F4-A48F-A8886B69CB9B}"
EndProject
Project("{FAE04EC0-301F-11D3-BF4B-00C04F79EFBC}") = "RamandTech.Dapper", "RamandTech.Dapper\RamandTech.Dapper.csproj", "{8147B85F-0FB3-424A-A21B-B0FEB5971C4F}"
EndProject
Global
	GlobalSection(SolutionConfigurationPlatforms) = preSolution
		Debug|Any CPU = Debug|Any CPU
		Release|Any CPU = Release|Any CPU
	EndGlobalSection
	GlobalSection(ProjectConfigurationPlatforms) = postSolution
		{B593ECA7-7EF1-43C4-9685-C4E084F79530}.Debug|Any CPU.ActiveCfg = Debug|Any CPU
		{B593ECA7-7EF1-43C4-9685-C4E084F79530}.Debug|Any CPU.Build.0 = Debug|Any CPU
		{B593ECA7-7EF1-43C4-9685-C4E084F79530}.Release|Any CPU.ActiveCfg = Release|Any CPU
		{B593ECA7-7EF1-43C4-9685-C4E084F79530}.Release|Any CPU.Build.0 = Release|Any CPU
		{AA88E9BB-C633-455F-AEB2-9732AA58126B}.Debug|Any CPU.ActiveCfg = Debug|Any CPU
		{AA88E9BB-C633-455F-AEB2-9732AA58126B}.Debug|Any CPU.Build.0 = Debug|Any CPU
		{AA88E9BB-C633-455F-AEB2-9732AA58126B}.Release|Any CPU.ActiveCfg = Release|Any CPU
		{AA88E9BB-C633-455F-AEB2-9732AA58126B}.Release|Any CPU.Build.0 = Release|Any CPU
		{877564BE-E1C6-4D8E-8E7A-C4B4A5F7A820}.Debug|Any CPU.ActiveCfg = Debug|Any CPU
		{877564BE-E1C6-4D8E-8E7A-C4B4A5F7A820}.Debug|Any CPU.Build.0 = Debug|Any CPU
		{877564BE-E1C6-4D8E-8E7A-C4B4A5F7A820}.Release|Any CPU.ActiveCfg = Release|Any CPU
		{877564BE-E1C6-4D8E-8E7A-C4B4A5F7A820}.Release|Any CPU.Build.0 = Release|Any CPU
		{A54C7D0A-D60F-40F4-A48F-A8886B69CB9B}.Debug|Any CPU.ActiveCfg = Debug|Any CPU
		{A54C7D0A-D60F-40F4-A48F-A8886B69CB9B}.Debug|Any CPU.Build.0 = Debug|Any CPU
		{A54C7D0A-D60F-40F4-A48F-A8886B69CB9B}.Release|Any CPU.ActiveCfg = Release|Any CPU
		{A54C7D0A-D60F-40F4-A48F-A8886B69CB9B}.Release|Any CPU.Build.0 = Release|Any CPU
		{8147B85F-0FB3-424A-A21B-B0FEB5971C4F}.Debug|Any CPU.ActiveCfg = Debug|Any CPU
		{8147B85F-0FB3-424A-A21B-B0FEB5971C4F}.Debug|Any CPU.Build.0 = Debug|Any CPU
		{8147B85F-0FB3-424A-A21B-B0FEB5971C4F}.Release|Any CPU.ActiveCfg = Release|Any CPU
		{8147B85F-0FB3-424A-A21B-B0FEB5971C4F}.Release|Any CPU.Build.0 = Release|Any CPU
	EndGlobalSection
	GlobalSection(SolutionProperties) = preSolution
		HideSolutionNode = FALSE
	EndGlobalSection
	GlobalSection(ExtensibilityGlobals) = postSolution
		SolutionGuid = {AB9C20E4-DA5F-42DE-81CF-408B6E32ED80}
	EndGlobalSection
EndGlobal
